
Microsoft Visual Studio Solution File, Format Version 12.00
# Visual Studio 15
VisualStudioVersion = 15.0.26730.15
MinimumVisualStudioVersion = 10.0.40219.1
Project("{FAE04EC0-301F-11D3-BF4B-00C04F79EFBC}") = "AdvancedWebServer", "AdvancedWebServer\AdvancedWebServer.csproj", "{4818196E-9FC1-4825-B450-D279B9158789}"
EndProject
Global
	GlobalSection(SolutionConfigurationPlatforms) = preSolution
		Debug|Any CPU = Debug|Any CPU
		Release|Any CPU = Release|Any CPU
	EndGlobalSection
	GlobalSection(ProjectConfigurationPlatforms) = postSolution
		{4818196E-9FC1-4825-B450-D279B9158789}.Debug|Any CPU.ActiveCfg = Debug|Any CPU
		{4818196E-9FC1-4825-B450-D279B9158789}.Debug|Any CPU.Build.0 = Debug|Any CPU
		{4818196E-9FC1-4825-B450-D279B9158789}.Release|Any CPU.ActiveCfg = Release|Any CPU
		{4818196E-9FC1-4825-B450-D279B9158789}.Release|Any CPU.Build.0 = Release|Any CPU
	EndGlobalSection
	GlobalSection(SolutionProperties) = preSolution
		HideSolutionNode = FALSE
	EndGlobalSection
	GlobalSection(ExtensibilityGlobals) = postSolution
		SolutionGuid = {05633273-6220-4D10-BA23-C54D4C163763}
	EndGlobalSection
EndGlobal
